{
  "name": "tada",
  "lockfileVersion": 3,
  "requires": true,
  "packages": {
    "": {
      "name": "tada",
      "workspaces": [
        "apps/*",
        "packages/*"
      ]
    },
    "apps/api": {},
    "apps/web": {},
    "node_modules/api": {
      "resolved": "apps/api",
      "link": true
    },
    "node_modules/database": {
      "resolved": "packages/database",
      "link": true
    },
    "node_modules/web": {
      "resolved": "apps/web",
      "link": true
    },
    "packages/database": {}
  }
}
